
Microsoft Visual Studio Solution File, Format Version 12.00
# Visual Studio Version 17
VisualStudioVersion = 17.6.33723.286
MinimumVisualStudioVersion = 10.0.40219.1
Project("{FAE04EC0-301F-11D3-BF4B-00C04F79EFBC}") = "Pong", "Pong\Pong.csproj", "{EB8555EC-757C-485F-9BC7-7C62CAB59053}"
EndProject
Global
	GlobalSection(SolutionConfigurationPlatforms) = preSolution
		Debug|Any CPU = Debug|Any CPU
		Release|Any CPU = Release|Any CPU
	EndGlobalSection
	GlobalSection(ProjectConfigurationPlatforms) = postSolution
		{EB8555EC-757C-485F-9BC7-7C62CAB59053}.Debug|Any CPU.ActiveCfg = Debug|Any CPU
		{EB8555EC-757C-485F-9BC7-7C62CAB59053}.Debug|Any CPU.Build.0 = Debug|Any CPU
		{EB8555EC-757C-485F-9BC7-7C62CAB59053}.Release|Any CPU.ActiveCfg = Release|Any CPU
		{EB8555EC-757C-485F-9BC7-7C62CAB59053}.Release|Any CPU.Build.0 = Release|Any CPU
	EndGlobalSection
	GlobalSection(SolutionProperties) = preSolution
		HideSolutionNode = FALSE
	EndGlobalSection
	GlobalSection(ExtensibilityGlobals) = postSolution
		SolutionGuid = {AE18D01D-4FAF-40C7-B5AB-827C80D658A4}
	EndGlobalSection
EndGlobal
